{
  "requires": true,
  "lockfileVersion": 1,
  "dependencies": {
    "react-card-flip": {
      "version": "1.1.1",
      "resolved": "https://registry.npmjs.org/react-card-flip/-/react-card-flip-1.1.1.tgz",
      "integrity": "sha512-viH05bvFl3jfy75ibZhvubq6VV4Sla2GuN0hGFMuqLRIkM6qW21WswoFC7qhntY0+PMFqu0WSY5mBKneR0HL3Q=="
    }
  }
}
